// !$*UTF8*$!
{
	archiveVersion = 1;
	classes = {
	};
	objectVersion = 50;
	objects = {

/* Begin PBXBuildFile section */
		033BAD4AFC83D109A774C531 /* Pods_EKartDemoTests.framework in Frameworks */ = {isa = PBXBuildFile; fileRef = B8382FF64E333046A3771ADA /* Pods_EKartDemoTests.framework */; };
		481F14EA24E68AC20067C7FE /* AppDelegate.swift in Sources */ = {isa = PBXBuildFile; fileRef = 481F14E924E68AC20067C7FE /* AppDelegate.swift */; };
		481F14EC24E68AC20067C7FE /* SceneDelegate.swift in Sources */ = {isa = PBXBuildFile; fileRef = 481F14EB24E68AC20067C7FE /* SceneDelegate.swift */; };
		481F14F124E68AC20067C7FE /* Main.storyboard in Resources */ = {isa = PBXBuildFile; fileRef = 481F14EF24E68AC20067C7FE /* Main.storyboard */; };
		481F14F324E68AC60067C7FE /* Assets.xcassets in Resources */ = {isa = PBXBuildFile; fileRef = 481F14F224E68AC60067C7FE /* Assets.xcassets */; };
		481F14F624E68AC60067C7FE /* LaunchScreen.storyboard in Resources */ = {isa = PBXBuildFile; fileRef = 481F14F424E68AC60067C7FE /* LaunchScreen.storyboard */; };
		481F150124E68AC60067C7FE /* EKartDemoTests.swift in Sources */ = {isa = PBXBuildFile; fileRef = 481F150024E68AC60067C7FE /* EKartDemoTests.swift */; };
		481F150D24E68B6B0067C7FE /* ProductListViewController.swift in Sources */ = {isa = PBXBuildFile; fileRef = 481F150C24E68B6B0067C7FE /* ProductListViewController.swift */; };
		481F150F24E69FB00067C7FE /* ProductCheckoutViewController.swift in Sources */ = {isa = PBXBuildFile; fileRef = 481F150E24E69FB00067C7FE /* ProductCheckoutViewController.swift */; };
		481F151124E69FF40067C7FE /* OrderPlacedViewController.swift in Sources */ = {isa = PBXBuildFile; fileRef = 481F151024E69FF40067C7FE /* OrderPlacedViewController.swift */; };
		481F151724E6B4F50067C7FE /* NetworkingAPIManager.swift in Sources */ = {isa = PBXBuildFile; fileRef = 481F151624E6B4F50067C7FE /* NetworkingAPIManager.swift */; };
		481F151924E6BB3A0067C7FE /* Products.swift in Sources */ = {isa = PBXBuildFile; fileRef = 481F151824E6BB3A0067C7FE /* Products.swift */; };
		481F151D24E6ED2A0067C7FE /* ProductTableViewCell.swift in Sources */ = {isa = PBXBuildFile; fileRef = 481F151B24E6ED2A0067C7FE /* ProductTableViewCell.swift */; };
		481F151E24E6ED2A0067C7FE /* ProductTableViewCell.xib in Resources */ = {isa = PBXBuildFile; fileRef = 481F151C24E6ED2A0067C7FE /* ProductTableViewCell.xib */; };
		481F152024E6F1C20067C7FE /* ProductViewModel.swift in Sources */ = {isa = PBXBuildFile; fileRef = 481F151F24E6F1C20067C7FE /* ProductViewModel.swift */; };
		481F152224E6F1DF0067C7FE /* DBManager.swift in Sources */ = {isa = PBXBuildFile; fileRef = 481F152124E6F1DF0067C7FE /* DBManager.swift */; };
		481F152524E7CE320067C7FE /* CustomImageView.swift in Sources */ = {isa = PBXBuildFile; fileRef = 481F152424E7CE320067C7FE /* CustomImageView.swift */; };
		481F152824E7D8F90067C7FE /* ProductDBModel.swift in Sources */ = {isa = PBXBuildFile; fileRef = 481F152724E7D8F90067C7FE /* ProductDBModel.swift */; };
		EB0BF98F9FB84608954620F4 /* Pods_EKartDemo.framework in Frameworks */ = {isa = PBXBuildFile; fileRef = 1476C1C2B9431ABC1279E2FB /* Pods_EKartDemo.framework */; };
/* End PBXBuildFile section */

/* Begin PBXContainerItemProxy section */
		481F14FD24E68AC60067C7FE /* PBXContainerItemProxy */ = {
			isa = PBXContainerItemProxy;
			containerPortal = 481F14DE24E68AC20067C7FE /* Project object */;
			proxyType = 1;
			remoteGlobalIDString = 481F14E524E68AC20067C7FE;
			remoteInfo = EKartDemo;
		};
/* End PBXContainerItemProxy section */

/* Begin PBXFileReference section */
		1476C1C2B9431ABC1279E2FB /* Pods_EKartDemo.framework */ = {isa = PBXFileReference; explicitFileType = wrapper.framework; includeInIndex = 0; path = Pods_EKartDemo.framework; sourceTree = BUILT_PRODUCTS_DIR; };
		2F1D6FEC5B77F4D8F75F987F /* Pods-EKartDemo.release.xcconfig */ = {isa = PBXFileReference; includeInIndex = 1; lastKnownFileType = text.xcconfig; name = "Pods-EKartDemo.release.xcconfig"; path = "Target Support Files/Pods-EKartDemo/Pods-EKartDemo.release.xcconfig"; sourceTree = "<group>"; };
		481F14E624E68AC20067C7FE /* EKartDemo.app */ = {isa = PBXFileReference; explicitFileType = wrapper.application; includeInIndex = 0; path = EKartDemo.app; sourceTree = BUILT_PRODUCTS_DIR; };
		481F14E924E68AC20067C7FE /* AppDelegate.swift */ = {isa = PBXFileReference; lastKnownFileType = sourcecode.swift; path = AppDelegate.swift; sourceTree = "<group>"; };
		481F14EB24E68AC20067C7FE /* SceneDelegate.swift */ = {isa = PBXFileReference; lastKnownFileType = sourcecode.swift; path = SceneDelegate.swift; sourceTree = "<group>"; };
		481F14F024E68AC20067C7FE /* Base */ = {isa = PBXFileReference; lastKnownFileType = file.storyboard; name = Base; path = Base.lproj/Main.storyboard; sourceTree = "<group>"; };
		481F14F224E68AC60067C7FE /* Assets.xcassets */ = {isa = PBXFileReference; lastKnownFileType = folder.assetcatalog; path = Assets.xcassets; sourceTree = "<group>"; };
		481F14F524E68AC60067C7FE /* Base */ = {isa = PBXFileReference; lastKnownFileType = file.storyboard; name = Base; path = Base.lproj/LaunchScreen.storyboard; sourceTree = "<group>"; };
		481F14F724E68AC60067C7FE /* Info.plist */ = {isa = PBXFileReference; lastKnownFileType = text.plist.xml; path = Info.plist; sourceTree = "<group>"; };
		481F14FC24E68AC60067C7FE /* EKartDemoTests.xctest */ = {isa = PBXFileReference; explicitFileType = wrapper.cfbundle; includeInIndex = 0; path = EKartDemoTests.xctest; sourceTree = BUILT_PRODUCTS_DIR; };
		481F150024E68AC60067C7FE /* EKartDemoTests.swift */ = {isa = PBXFileReference; lastKnownFileType = sourcecode.swift; path = EKartDemoTests.swift; sourceTree = "<group>"; };
		481F150224E68AC60067C7FE /* Info.plist */ = {isa = PBXFileReference; lastKnownFileType = text.plist.xml; path = Info.plist; sourceTree = "<group>"; };
		481F150C24E68B6B0067C7FE /* ProductListViewController.swift */ = {isa = PBXFileReference; lastKnownFileType = sourcecode.swift; path = ProductListViewController.swift; sourceTree = "<group>"; };
		481F150E24E69FB00067C7FE /* ProductCheckoutViewController.swift */ = {isa = PBXFileReference; lastKnownFileType = sourcecode.swift; path = ProductCheckoutViewController.swift; sourceTree = "<group>"; };
		481F151024E69FF40067C7FE /* OrderPlacedViewController.swift */ = {isa = PBXFileReference; lastKnownFileType = sourcecode.swift; path = OrderPlacedViewController.swift; sourceTree = "<group>"; };
		481F151624E6B4F50067C7FE /* NetworkingAPIManager.swift */ = {isa = PBXFileReference; lastKnownFileType = sourcecode.swift; path = NetworkingAPIManager.swift; sourceTree = "<group>"; };
		481F151824E6BB3A0067C7FE /* Products.swift */ = {isa = PBXFileReference; lastKnownFileType = sourcecode.swift; path = Products.swift; sourceTree = "<group>"; };
		481F151B24E6ED2A0067C7FE /* ProductTableViewCell.swift */ = {isa = PBXFileReference; lastKnownFileType = sourcecode.swift; path = ProductTableViewCell.swift; sourceTree = "<group>"; };
		481F151C24E6ED2A0067C7FE /* ProductTableViewCell.xib */ = {isa = PBXFileReference; lastKnownFileType = file.xib; path = ProductTableViewCell.xib; sourceTree = "<group>"; };
		481F151F24E6F1C20067C7FE /* ProductViewModel.swift */ = {isa = PBXFileReference; lastKnownFileType = sourcecode.swift; path = ProductViewModel.swift; sourceTree = "<group>"; };
		481F152124E6F1DF0067C7FE /* DBManager.swift */ = {isa = PBXFileReference; lastKnownFileType = sourcecode.swift; path = DBManager.swift; sourceTree = "<group>"; };
		481F152424E7CE320067C7FE /* CustomImageView.swift */ = {isa = PBXFileReference; lastKnownFileType = sourcecode.swift; path = CustomImageView.swift; sourceTree = "<group>"; };
		481F152724E7D8F90067C7FE /* ProductDBModel.swift */ = {isa = PBXFileReference; lastKnownFileType = sourcecode.swift; path = ProductDBModel.swift; sourceTree = "<group>"; };
		5C4BDDCF5CB2C850A35CF16F /* Pods-EKartDemoTests.release.xcconfig */ = {isa = PBXFileReference; includeInIndex = 1; lastKnownFileType = text.xcconfig; name = "Pods-EKartDemoTests.release.xcconfig"; path = "Target Support Files/Pods-EKartDemoTests/Pods-EKartDemoTests.release.xcconfig"; sourceTree = "<group>"; };
		9C66EA0E18E562B355F7C5E0 /* Pods-EKartDemoTests.debug.xcconfig */ = {isa = PBXFileReference; includeInIndex = 1; lastKnownFileType = text.xcconfig; name = "Pods-EKartDemoTests.debug.xcconfig"; path = "Target Support Files/Pods-EKartDemoTests/Pods-EKartDemoTests.debug.xcconfig"; sourceTree = "<group>"; };
		B8382FF64E333046A3771ADA /* Pods_EKartDemoTests.framework */ = {isa = PBXFileReference; explicitFileType = wrapper.framework; includeInIndex = 0; path = Pods_EKartDemoTests.framework; sourceTree = BUILT_PRODUCTS_DIR; };
		FC8D77520DA7AD5785CE4DCC /* Pods-EKartDemo.debug.xcconfig */ = {isa = PBXFileReference; includeInIndex = 1; lastKnownFileType = text.xcconfig; name = "Pods-EKartDemo.debug.xcconfig"; path = "Target Support Files/Pods-EKartDemo/Pods-EKartDemo.debug.xcconfig"; sourceTree = "<group>"; };
/* End PBXFileReference section */

/* Begin PBXFrameworksBuildPhase section */
		481F14E324E68AC20067C7FE /* Frameworks */ = {
			isa = PBXFrameworksBuildPhase;
			buildActionMask = 2147483647;
			files = (
				EB0BF98F9FB84608954620F4 /* Pods_EKartDemo.framework in Frameworks */,
			);
			runOnlyForDeploymentPostprocessing = 0;
		};
		481F14F924E68AC60067C7FE /* Frameworks */ = {
			isa = PBXFrameworksBuildPhase;
			buildActionMask = 2147483647;
			files = (
				033BAD4AFC83D109A774C531 /* Pods_EKartDemoTests.framework in Frameworks */,
			);
			runOnlyForDeploymentPostprocessing = 0;
		};
/* End PBXFrameworksBuildPhase section */

/* Begin PBXGroup section */
		481F14DD24E68AC20067C7FE = {
			isa = PBXGroup;
			children = (
				481F14E824E68AC20067C7FE /* EKartDemo */,
				481F14FF24E68AC60067C7FE /* EKartDemoTests */,
				481F14E724E68AC20067C7FE /* Products */,
				CBDD32706C69E6447F7BF3DC /* Pods */,
				BE456687D958E1C52D14E060 /* Frameworks */,
			);
			sourceTree = "<group>";
		};
		481F14E724E68AC20067C7FE /* Products */ = {
			isa = PBXGroup;
			children = (
				481F14E624E68AC20067C7FE /* EKartDemo.app */,
				481F14FC24E68AC60067C7FE /* EKartDemoTests.xctest */,
			);
			name = Products;
			sourceTree = "<group>";
		};
		481F14E824E68AC20067C7FE /* EKartDemo */ = {
			isa = PBXGroup;
			children = (
				481F152624E7D8E30067C7FE /* RealmModel */,
				481F152324E7CE090067C7FE /* Utilities+Extension */,
				481F151A24E6ECD90067C7FE /* Cell */,
				481F151524E6B4CD0067C7FE /* NetworkingAPIManager */,
				481F151424E6B4BE0067C7FE /* DataManager */,
				481F151324E6B4B30067C7FE /* ViewModel */,
				481F151224E6B4A90067C7FE /* Model */,
				481F150B24E68B260067C7FE /* View */,
				481F14E924E68AC20067C7FE /* AppDelegate.swift */,
				481F14EB24E68AC20067C7FE /* SceneDelegate.swift */,
				481F14EF24E68AC20067C7FE /* Main.storyboard */,
				481F14F224E68AC60067C7FE /* Assets.xcassets */,
				481F14F424E68AC60067C7FE /* LaunchScreen.storyboard */,
				481F14F724E68AC60067C7FE /* Info.plist */,
			);
			path = EKartDemo;
			sourceTree = "<group>";
		};
		481F14FF24E68AC60067C7FE /* EKartDemoTests */ = {
			isa = PBXGroup;
			children = (
				481F150024E68AC60067C7FE /* EKartDemoTests.swift */,
				481F150224E68AC60067C7FE /* Info.plist */,
			);
			path = EKartDemoTests;
			sourceTree = "<group>";
		};
		481F150B24E68B260067C7FE /* View */ = {
			isa = PBXGroup;
			children = (
				481F150C24E68B6B0067C7FE /* ProductListViewController.swift */,
				481F150E24E69FB00067C7FE /* ProductCheckoutViewController.swift */,
				481F151024E69FF40067C7FE /* OrderPlacedViewController.swift */,
			);
			path = View;
			sourceTree = "<group>";
		};
		481F151224E6B4A90067C7FE /* Model */ = {
			isa = PBXGroup;
			children = (
				481F151824E6BB3A0067C7FE /* Products.swift */,
			);
			path = Model;
			sourceTree = "<group>";
		};
		481F151324E6B4B30067C7FE /* ViewModel */ = {
			isa = PBXGroup;
			children = (
				481F151F24E6F1C20067C7FE /* ProductViewModel.swift */,
			);
			path = ViewModel;
			sourceTree = "<group>";
		};
		481F151424E6B4BE0067C7FE /* DataManager */ = {
			isa = PBXGroup;
			children = (
				481F152124E6F1DF0067C7FE /* DBManager.swift */,
			);
			path = DataManager;
			sourceTree = "<group>";
		};
		481F151524E6B4CD0067C7FE /* NetworkingAPIManager */ = {
			isa = PBXGroup;
			children = (
				481F151624E6B4F50067C7FE /* NetworkingAPIManager.swift */,
			);
			path = NetworkingAPIManager;
			sourceTree = "<group>";
		};
		481F151A24E6ECD90067C7FE /* Cell */ = {
			isa = PBXGroup;
			children = (
				481F151B24E6ED2A0067C7FE /* ProductTableViewCell.swift */,
				481F151C24E6ED2A0067C7FE /* ProductTableViewCell.xib */,
			);
			path = Cell;
			sourceTree = "<group>";
		};
		481F152324E7CE090067C7FE /* Utilities+Extension */ = {
			isa = PBXGroup;
			children = (
				481F152424E7CE320067C7FE /* CustomImageView.swift */,
			);
			path = "Utilities+Extension";
			sourceTree = "<group>";
		};
		481F152624E7D8E30067C7FE /* RealmModel */ = {
			isa = PBXGroup;
			children = (
				481F152724E7D8F90067C7FE /* ProductDBModel.swift */,
			);
			path = RealmModel;
			sourceTree = "<group>";
		};
		BE456687D958E1C52D14E060 /* Frameworks */ = {
			isa = PBXGroup;
			children = (
				1476C1C2B9431ABC1279E2FB /* Pods_EKartDemo.framework */,
				B8382FF64E333046A3771ADA /* Pods_EKartDemoTests.framework */,
			);
			name = Frameworks;
			sourceTree = "<group>";
		};
		CBDD32706C69E6447F7BF3DC /* Pods */ = {
			isa = PBXGroup;
			children = (
				FC8D77520DA7AD5785CE4DCC /* Pods-EKartDemo.debug.xcconfig */,
				2F1D6FEC5B77F4D8F75F987F /* Pods-EKartDemo.release.xcconfig */,
				9C66EA0E18E562B355F7C5E0 /* Pods-EKartDemoTests.debug.xcconfig */,
				5C4BDDCF5CB2C850A35CF16F /* Pods-EKartDemoTests.release.xcconfig */,
			);
			name = Pods;
			path = Pods;
			sourceTree = "<group>";
		};
/* End PBXGroup section */

/* Begin PBXNativeTarget section */
		481F14E524E68AC20067C7FE /* EKartDemo */ = {
			isa = PBXNativeTarget;
			buildConfigurationList = 481F150524E68AC60067C7FE /* Build configuration list for PBXNativeTarget "EKartDemo" */;
			buildPhases = (
				D15A9FD76ED3CEA09B380417 /* [CP] Check Pods Manifest.lock */,
				481F14E224E68AC20067C7FE /* Sources */,
				481F14E324E68AC20067C7FE /* Frameworks */,
				481F14E424E68AC20067C7FE /* Resources */,
				4FAFB7EBDF4F997D75E1CB09 /* [CP] Embed Pods Frameworks */,
			);
			buildRules = (
			);
			dependencies = (
			);
			name = EKartDemo;
			productName = EKartDemo;
			productReference = 481F14E624E68AC20067C7FE /* EKartDemo.app */;
			productType = "com.apple.product-type.application";
		};
		481F14FB24E68AC60067C7FE /* EKartDemoTests */ = {
			isa = PBXNativeTarget;
			buildConfigurationList = 481F150824E68AC60067C7FE /* Build configuration list for PBXNativeTarget "EKartDemoTests" */;
			buildPhases = (
				EBDCD9AEDC89C3ADE4F0B82B /* [CP] Check Pods Manifest.lock */,
				481F14F824E68AC60067C7FE /* Sources */,
				481F14F924E68AC60067C7FE /* Frameworks */,
				481F14FA24E68AC60067C7FE /* Resources */,
			);
			buildRules = (
			);
			dependencies = (
				481F14FE24E68AC60067C7FE /* PBXTargetDependency */,
			);
			name = EKartDemoTests;
			productName = EKartDemoTests;
			productReference = 481F14FC24E68AC60067C7FE /* EKartDemoTests.xctest */;
			productType = "com.apple.product-type.bundle.unit-test";
		};
/* End PBXNativeTarget section */

/* Begin PBXProject section */
		481F14DE24E68AC20067C7FE /* Project object */ = {
			isa = PBXProject;
			attributes = {
				LastSwiftUpdateCheck = 1130;
				LastUpgradeCheck = 1130;
				ORGANIZATIONNAME = "Abhishek Binniwale";
				TargetAttributes = {
					481F14E524E68AC20067C7FE = {
						CreatedOnToolsVersion = 11.3.1;
					};
					481F14FB24E68AC60067C7FE = {
						CreatedOnToolsVersion = 11.3.1;
						TestTargetID = 481F14E524E68AC20067C7FE;
					};
				};
			};
			buildConfigurationList = 481F14E124E68AC20067C7FE /* Build configuration list for PBXProject "EKartDemo" */;
			compatibilityVersion = "Xcode 9.3";
			developmentRegion = en;
			hasScannedForEncodings = 0;
			knownRegions = (
				en,
				Base,
			);
			mainGroup = 481F14DD24E68AC20067C7FE;
			productRefGroup = 481F14E724E68AC20067C7FE /* Products */;
			projectDirPath = "";
			projectRoot = "";
			targets = (
				481F14E524E68AC20067C7FE /* EKartDemo */,
				481F14FB24E68AC60067C7FE /* EKartDemoTests */,
			);
		};
/* End PBXProject section */

/* Begin PBXResourcesBuildPhase section */
		481F14E424E68AC20067C7FE /* Resources */ = {
			isa = PBXResourcesBuildPhase;
			buildActionMask = 2147483647;
			files = (
				481F14F624E68AC60067C7FE /* LaunchScreen.storyboard in Resources */,
				481F151E24E6ED2A0067C7FE /* ProductTableViewCell.xib in Resources */,
				481F14F324E68AC60067C7FE /* Assets.xcassets in Resources */,
				481F14F124E68AC20067C7FE /* Main.storyboard in Resources */,
			);
			runOnlyForDeploymentPostprocessing = 0;
		};
		481F14FA24E68AC60067C7FE /* Resources */ = {
			isa = PBXResourcesBuildPhase;
			buildActionMask = 2147483647;
			files = (
			);
			runOnlyForDeploymentPostprocessing = 0;
		};
/* End PBXResourcesBuildPhase section */

/* Begin PBXShellScriptBuildPhase section */
		4FAFB7EBDF4F997D75E1CB09 /* [CP] Embed Pods Frameworks */ = {
			isa = PBXShellScriptBuildPhase;
			buildActionMask = 2147483647;
			files = (
			);
			inputFileListPaths = (
				"${PODS_ROOT}/Target Support Files/Pods-EKartDemo/Pods-EKartDemo-frameworks-${CONFIGURATION}-input-files.xcfilelist",
			);
			name = "[CP] Embed Pods Frameworks";
			outputFileListPaths = (
				"${PODS_ROOT}/Target Support Files/Pods-EKartDemo/Pods-EKartDemo-frameworks-${CONFIGURATION}-output-files.xcfilelist",
			);
			runOnlyForDeploymentPostprocessing = 0;
			shellPath = /bin/sh;
			shellScript = "\"${PODS_ROOT}/Target Support Files/Pods-EKartDemo/Pods-EKartDemo-frameworks.sh\"\n";
			showEnvVarsInLog = 0;
		};
		D15A9FD76ED3CEA09B380417 /* [CP] Check Pods Manifest.lock */ = {
			isa = PBXShellScriptBuildPhase;
			buildActionMask = 2147483647;
			files = (
			);
			inputFileListPaths = (
			);
			inputPaths = (
				"${PODS_PODFILE_DIR_PATH}/Podfile.lock",
				"${PODS_ROOT}/Manifest.lock",
			);
			name = "[CP] Check Pods Manifest.lock";
			outputFileListPaths = (
			);
			outputPaths = (
				"$(DERIVED_FILE_DIR)/Pods-EKartDemo-checkManifestLockResult.txt",
			);
			runOnlyForDeploymentPostprocessing = 0;
			shellPath = /bin/sh;
			shellScript = "diff \"${PODS_PODFILE_DIR_PATH}/Podfile.lock\" \"${PODS_ROOT}/Manifest.lock\" > /dev/null\nif [ $? != 0 ] ; then\n    # print error to STDERR\n    echo \"error: The sandbox is not in sync with the Podfile.lock. Run 'pod install' or update your CocoaPods installation.\" >&2\n    exit 1\nfi\n# This output is used by Xcode 'outputs' to avoid re-running this script phase.\necho \"SUCCESS\" > \"${SCRIPT_OUTPUT_FILE_0}\"\n";
			showEnvVarsInLog = 0;
		};
		EBDCD9AEDC89C3ADE4F0B82B /* [CP] Check Pods Manifest.lock */ = {
			isa = PBXShellScriptBuildPhase;
			buildActionMask = 2147483647;
			files = (
			);
			inputFileListPaths = (
			);
			inputPaths = (
				"${PODS_PODFILE_DIR_PATH}/Podfile.lock",
				"${PODS_ROOT}/Manifest.lock",
			);
			name = "[CP] Check Pods Manifest.lock";
			outputFileListPaths = (
			);
			outputPaths = (
				"$(DERIVED_FILE_DIR)/Pods-EKartDemoTests-checkManifestLockResult.txt",
			);
			runOnlyForDeploymentPostprocessing = 0;
			shellPath = /bin/sh;
			shellScript = "diff \"${PODS_PODFILE_DIR_PATH}/Podfile.lock\" \"${PODS_ROOT}/Manifest.lock\" > /dev/null\nif [ $? != 0 ] ; then\n    # print error to STDERR\n    echo \"error: The sandbox is not in sync with the Podfile.lock. Run 'pod install' or update your CocoaPods installation.\" >&2\n    exit 1\nfi\n# This output is used by Xcode 'outputs' to avoid re-running this script phase.\necho \"SUCCESS\" > \"${SCRIPT_OUTPUT_FILE_0}\"\n";
			showEnvVarsInLog = 0;
		};
/* End PBXShellScriptBuildPhase section */

/* Begin PBXSourcesBuildPhase section */
		481F14E224E68AC20067C7FE /* Sources */ = {
			isa = PBXSourcesBuildPhase;
			buildActionMask = 2147483647;
			files = (
				481F151724E6B4F50067C7FE /* NetworkingAPIManager.swift in Sources */,
				481F151D24E6ED2A0067C7FE /* ProductTableViewCell.swift in Sources */,
				481F150F24E69FB00067C7FE /* ProductCheckoutViewController.swift in Sources */,
				481F152824E7D8F90067C7FE /* ProductDBModel.swift in Sources */,
				481F14EA24E68AC20067C7FE /* AppDelegate.swift in Sources */,
				481F151924E6BB3A0067C7FE /* Products.swift in Sources */,
				481F152224E6F1DF0067C7FE /* DBManager.swift in Sources */,
				481F152024E6F1C20067C7FE /* ProductViewModel.swift in Sources */,
				481F152524E7CE320067C7FE /* CustomImageView.swift in Sources */,
				481F150D24E68B6B0067C7FE /* ProductListViewController.swift in Sources */,
				481F14EC24E68AC20067C7FE /* SceneDelegate.swift in Sources */,
				481F151124E69FF40067C7FE /* OrderPlacedViewController.swift in Sources */,
			);
			runOnlyForDeploymentPostprocessing = 0;
		};
		481F14F824E68AC60067C7FE /* Sources */ = {
			isa = PBXSourcesBuildPhase;
			buildActionMask = 2147483647;
			files = (
				481F150124E68AC60067C7FE /* EKartDemoTests.swift in Sources */,
			);
			runOnlyForDeploymentPostprocessing = 0;
		};
/* End PBXSourcesBuildPhase section */

/* Begin PBXTargetDependency section */
		481F14FE24E68AC60067C7FE /* PBXTargetDependency */ = {
			isa = PBXTargetDependency;
			target = 481F14E524E68AC20067C7FE /* EKartDemo */;
			targetProxy = 481F14FD24E68AC60067C7FE /* PBXContainerItemProxy */;
		};
/* End PBXTargetDependency section */

/* Begin PBXVariantGroup section */
		481F14EF24E68AC20067C7FE /* Main.storyboard */ = {
			isa = PBXVariantGroup;
			children = (
				481F14F024E68AC20067C7FE /* Base */,
			);
			name = Main.storyboard;
			sourceTree = "<group>";
		};
		481F14F424E68AC60067C7FE /* LaunchScreen.storyboard */ = {
			isa = PBXVariantGroup;
			children = (
				481F14F524E68AC60067C7FE /* Base */,
			);
			name = LaunchScreen.storyboard;
			sourceTree = "<group>";
		};
/* End PBXVariantGroup section */

/* Begin XCBuildConfiguration section */
		481F150324E68AC60067C7FE /* Debug */ = {
			isa = XCBuildConfiguration;
			buildSettings = {
				ALWAYS_SEARCH_USER_PATHS = NO;
				CLANG_ANALYZER_NONNULL = YES;
				CLANG_ANALYZER_NUMBER_OBJECT_CONVERSION = YES_AGGRESSIVE;
				CLANG_CXX_LANGUAGE_STANDARD = "gnu++14";
				CLANG_CXX_LIBRARY = "libc++";
				CLANG_ENABLE_MODULES = YES;
				CLANG_ENABLE_OBJC_ARC = YES;
				CLANG_ENABLE_OBJC_WEAK = YES;
				CLANG_WARN_BLOCK_CAPTURE_AUTORELEASING = YES;
				CLANG_WARN_BOOL_CONVERSION = YES;
				CLANG_WARN_COMMA = YES;
				CLANG_WARN_CONSTANT_CONVERSION = YES;
				CLANG_WARN_DEPRECATED_OBJC_IMPLEMENTATIONS = YES;
				CLANG_WARN_DIRECT_OBJC_ISA_USAGE = YES_ERROR;
				CLANG_WARN_DOCUMENTATION_COMMENTS = YES;
				CLANG_WARN_EMPTY_BODY = YES;
				CLANG_WARN_ENUM_CONVERSION = YES;
				CLANG_WARN_INFINITE_RECURSION = YES;
				CLANG_WARN_INT_CONVERSION = YES;
				CLANG_WARN_NON_LITERAL_NULL_CONVERSION = YES;
				CLANG_WARN_OBJC_IMPLICIT_RETAIN_SELF = YES;
				CLANG_WARN_OBJC_LITERAL_CONVERSION = YES;
				CLANG_WARN_OBJC_ROOT_CLASS = YES_ERROR;
				CLANG_WARN_RANGE_LOOP_ANALYSIS = YES;
				CLANG_WARN_STRICT_PROTOTYPES = YES;
				CLANG_WARN_SUSPICIOUS_MOVE = YES;
				CLANG_WARN_UNGUARDED_AVAILABILITY = YES_AGGRESSIVE;
				CLANG_WARN_UNREACHABLE_CODE = YES;
				CLANG_WARN__DUPLICATE_METHOD_MATCH = YES;
				COPY_PHASE_STRIP = NO;
				DEBUG_INFORMATION_FORMAT = dwarf;
				ENABLE_STRICT_OBJC_MSGSEND = YES;
				ENABLE_TESTABILITY = YES;
				GCC_C_LANGUAGE_STANDARD = gnu11;
				GCC_DYNAMIC_NO_PIC = NO;
				GCC_NO_COMMON_BLOCKS = YES;
				GCC_OPTIMIZATION_LEVEL = 0;
				GCC_PREPROCESSOR_DEFINITIONS = (
					"DEBUG=1",
					"$(inherited)",
				);
				GCC_WARN_64_TO_32_BIT_CONVERSION = YES;
				GCC_WARN_ABOUT_RETURN_TYPE = YES_ERROR;
				GCC_WARN_UNDECLARED_SELECTOR = YES;
				GCC_WARN_UNINITIALIZED_AUTOS = YES_AGGRESSIVE;
				GCC_WARN_UNUSED_FUNCTION = YES;
				GCC_WARN_UNUSED_VARIABLE = YES;
				IPHONEOS_DEPLOYMENT_TARGET = 13.2;
				MTL_ENABLE_DEBUG_INFO = INCLUDE_SOURCE;
				MTL_FAST_MATH = YES;
				ONLY_ACTIVE_ARCH = YES;
				SDKROOT = iphoneos;
				SWIFT_ACTIVE_COMPILATION_CONDITIONS = DEBUG;
				SWIFT_OPTIMIZATION_LEVEL = "-Onone";
			};
			name = Debug;
		};
		481F150424E68AC60067C7FE /* Release */ = {
			isa = XCBuildConfiguration;
			buildSettings = {
				ALWAYS_SEARCH_USER_PATHS = NO;
				CLANG_ANALYZER_NONNULL = YES;
				CLANG_ANALYZER_NUMBER_OBJECT_CONVERSION = YES_AGGRESSIVE;
				CLANG_CXX_LANGUAGE_STANDARD = "gnu++14";
				CLANG_CXX_LIBRARY = "libc++";
				CLANG_ENABLE_MODULES = YES;
				CLANG_ENABLE_OBJC_ARC = YES;
				CLANG_ENABLE_OBJC_WEAK = YES;
				CLANG_WARN_BLOCK_CAPTURE_AUTORELEASING = YES;
				CLANG_WARN_BOOL_CONVERSION = YES;
				CLANG_WARN_COMMA = YES;
				CLANG_WARN_CONSTANT_CONVERSION = YES;
				CLANG_WARN_DEPRECATED_OBJC_IMPLEMENTATIONS = YES;
				CLANG_WARN_DIRECT_OBJC_ISA_USAGE = YES_ERROR;
				CLANG_WARN_DOCUMENTATION_COMMENTS = YES;
				CLANG_WARN_EMPTY_BODY = YES;
				CLANG_WARN_ENUM_CONVERSION = YES;
				CLANG_WARN_INFINITE_RECURSION = YES;
				CLANG_WARN_INT_CONVERSION = YES;
				CLANG_WARN_NON_LITERAL_NULL_CONVERSION = YES;
				CLANG_WARN_OBJC_IMPLICIT_RETAIN_SELF = YES;
				CLANG_WARN_OBJC_LITERAL_CONVERSION = YES;
				CLANG_WARN_OBJC_ROOT_CLASS = YES_ERROR;
				CLANG_WARN_RANGE_LOOP_ANALYSIS = YES;
				CLANG_WARN_STRICT_PROTOTYPES = YES;
				CLANG_WARN_SUSPICIOUS_MOVE = YES;
				CLANG_WARN_UNGUARDED_AVAILABILITY = YES_AGGRESSIVE;
				CLANG_WARN_UNREACHABLE_CODE = YES;
				CLANG_WARN__DUPLICATE_METHOD_MATCH = YES;
				COPY_PHASE_STRIP = NO;
				DEBUG_INFORMATION_FORMAT = "dwarf-with-dsym";
				ENABLE_NS_ASSERTIONS = NO;
				ENABLE_STRICT_OBJC_MSGSEND = YES;
				GCC_C_LANGUAGE_STANDARD = gnu11;
				GCC_NO_COMMON_BLOCKS = YES;
				GCC_WARN_64_TO_32_BIT_CONVERSION = YES;
				GCC_WARN_ABOUT_RETURN_TYPE = YES_ERROR;
				GCC_WARN_UNDECLARED_SELECTOR = YES;
				GCC_WARN_UNINITIALIZED_AUTOS = YES_AGGRESSIVE;
				GCC_WARN_UNUSED_FUNCTION = YES;
				GCC_WARN_UNUSED_VARIABLE = YES;
				IPHONEOS_DEPLOYMENT_TARGET = 13.2;
				MTL_ENABLE_DEBUG_INFO = NO;
				MTL_FAST_MATH = YES;
				SDKROOT = iphoneos;
				SWIFT_COMPILATION_MODE = wholemodule;
				SWIFT_OPTIMIZATION_LEVEL = "-O";
				VALIDATE_PRODUCT = YES;
			};
			name = Release;
		};
		481F150624E68AC60067C7FE /* Debug */ = {
			isa = XCBuildConfiguration;
			baseConfigurationReference = FC8D77520DA7AD5785CE4DCC /* Pods-EKartDemo.debug.xcconfig */;
			buildSettings = {
				ASSETCATALOG_COMPILER_APPICON_NAME = AppIcon;
				CODE_SIGN_STYLE = Automatic;
				INFOPLIST_FILE = EKartDemo/Info.plist;
				LD_RUNPATH_SEARCH_PATHS = (
					"$(inherited)",
					"@executable_path/Frameworks",
				);
				PRODUCT_BUNDLE_IDENTIFIER = com.abhi.EKartDemo;
				PRODUCT_NAME = "$(TARGET_NAME)";
				SWIFT_VERSION = 5.0;
				TARGETED_DEVICE_FAMILY = "1,2";
			};
			name = Debug;
		};
		481F150724E68AC60067C7FE /* Release */ = {
			isa = XCBuildConfiguration;
			baseConfigurationReference = 2F1D6FEC5B77F4D8F75F987F /* Pods-EKartDemo.release.xcconfig */;
			buildSettings = {
				ASSETCATALOG_COMPILER_APPICON_NAME = AppIcon;
				CODE_SIGN_STYLE = Automatic;
				INFOPLIST_FILE = EKartDemo/Info.plist;
				LD_RUNPATH_SEARCH_PATHS = (
					"$(inherited)",
					"@executable_path/Frameworks",
				);
				PRODUCT_BUNDLE_IDENTIFIER = com.abhi.EKartDemo;
				PRODUCT_NAME = "$(TARGET_NAME)";
				SWIFT_VERSION = 5.0;
				TARGETED_DEVICE_FAMILY = "1,2";
			};
			name = Release;
		};
		481F150924E68AC60067C7FE /* Debug */ = {
			isa = XCBuildConfiguration;
			baseConfigurationReference = 9C66EA0E18E562B355F7C5E0 /* Pods-EKartDemoTests.debug.xcconfig */;
			buildSettings = {
				ALWAYS_EMBED_SWIFT_STANDARD_LIBRARIES = YES;
				BUNDLE_LOADER = "$(TEST_HOST)";
				CODE_SIGN_STYLE = Automatic;
				INFOPLIST_FILE = EKartDemoTests/Info.plist;
				IPHONEOS_DEPLOYMENT_TARGET = 13.2;
				LD_RUNPATH_SEARCH_PATHS = (
					"$(inherited)",
					"@executable_path/Frameworks",
					"@loader_path/Frameworks",
				);
				PRODUCT_BUNDLE_IDENTIFIER = com.abhi.EKartDemoTests;
				PRODUCT_NAME = "$(TARGET_NAME)";
				SWIFT_VERSION = 5.0;
				TARGETED_DEVICE_FAMILY = "1,2";
				TEST_HOST = "$(BUILT_PRODUCTS_DIR)/EKartDemo.app/EKartDemo";
			};
			name = Debug;
		};
		481F150A24E68AC60067C7FE /* Release */ = {
			isa = XCBuildConfiguration;
			baseConfigurationReference = 5C4BDDCF5CB2C850A35CF16F /* Pods-EKartDemoTests.release.xcconfig */;
			buildSettings = {
				ALWAYS_EMBED_SWIFT_STANDARD_LIBRARIES = YES;
				BUNDLE_LOADER = "$(TEST_HOST)";
				CODE_SIGN_STYLE = Automatic;
				INFOPLIST_FILE = EKartDemoTests/Info.plist;
				IPHONEOS_DEPLOYMENT_TARGET = 13.2;
				LD_RUNPATH_SEARCH_PATHS = (
					"$(inherited)",
					"@executable_path/Frameworks",
					"@loader_path/Frameworks",
				);
				PRODUCT_BUNDLE_IDENTIFIER = com.abhi.EKartDemoTests;
				PRODUCT_NAME = "$(TARGET_NAME)";
				SWIFT_VERSION = 5.0;
				TARGETED_DEVICE_FAMILY = "1,2";
				TEST_HOST = "$(BUILT_PRODUCTS_DIR)/EKartDemo.app/EKartDemo";
			};
			name = Release;
		};
/* End XCBuildConfiguration section */

/* Begin XCConfigurationList section */
		481F14E124E68AC20067C7FE /* Build configuration list for PBXProject "EKartDemo" */ = {
			isa = XCConfigurationList;
			buildConfigurations = (
				481F150324E68AC60067C7FE /* Debug */,
				481F150424E68AC60067C7FE /* Release */,
			);
			defaultConfigurationIsVisible = 0;
			defaultConfigurationName = Release;
		};
		481F150524E68AC60067C7FE /* Build configuration list for PBXNativeTarget "EKartDemo" */ = {
			isa = XCConfigurationList;
			buildConfigurations = (
				481F150624E68AC60067C7FE /* Debug */,
				481F150724E68AC60067C7FE /* Release */,
			);
			defaultConfigurationIsVisible = 0;
			defaultConfigurationName = Release;
		};
		481F150824E68AC60067C7FE /* Build configuration list for PBXNativeTarget "EKartDemoTests" */ = {
			isa = XCConfigurationList;
			buildConfigurations = (
				481F150924E68AC60067C7FE /* Debug */,
				481F150A24E68AC60067C7FE /* Release */,
			);
			defaultConfigurationIsVisible = 0;
			defaultConfigurationName = Release;
		};
/* End XCConfigurationList section */
	};
	rootObject = 481F14DE24E68AC20067C7FE /* Project object */;
}
